
Microsoft Visual Studio Solution File, Format Version 12.00
# Visual Studio 2012
Project("{FAE04EC0-301F-11D3-BF4B-00C04F79EFBC}") = "MainScreen", "ConsoleApp1\MainScreen.csproj", "{764BF121-7DEB-44E7-95F7-40E55D9A54F9}"
EndProject
Project("{FAE04EC0-301F-11D3-BF4B-00C04F79EFBC}") = "ViewFlight", "ViewFlight\ViewFlight.csproj", "{C6EE4801-1676-48FB-AE66-5C4FE7E47011}"
EndProject
Global
	GlobalSection(SolutionConfigurationPlatforms) = preSolution
		Debug|Any CPU = Debug|Any CPU
		Release|Any CPU = Release|Any CPU
	EndGlobalSection
	GlobalSection(ProjectConfigurationPlatforms) = postSolution
		{764BF121-7DEB-44E7-95F7-40E55D9A54F9}.Debug|Any CPU.ActiveCfg = Debug|Any CPU
		{764BF121-7DEB-44E7-95F7-40E55D9A54F9}.Debug|Any CPU.Build.0 = Debug|Any CPU
		{764BF121-7DEB-44E7-95F7-40E55D9A54F9}.Release|Any CPU.ActiveCfg = Release|Any CPU
		{764BF121-7DEB-44E7-95F7-40E55D9A54F9}.Release|Any CPU.Build.0 = Release|Any CPU
		{C6EE4801-1676-48FB-AE66-5C4FE7E47011}.Debug|Any CPU.ActiveCfg = Debug|Any CPU
		{C6EE4801-1676-48FB-AE66-5C4FE7E47011}.Debug|Any CPU.Build.0 = Debug|Any CPU
		{C6EE4801-1676-48FB-AE66-5C4FE7E47011}.Release|Any CPU.ActiveCfg = Release|Any CPU
		{C6EE4801-1676-48FB-AE66-5C4FE7E47011}.Release|Any CPU.Build.0 = Release|Any CPU
	EndGlobalSection
	GlobalSection(SolutionProperties) = preSolution
		HideSolutionNode = FALSE
	EndGlobalSection
EndGlobal
